
Microsoft Visual Studio Solution File, Format Version 12.00
# Visual Studio 2013
VisualStudioVersion = 12.0.30723.0
MinimumVisualStudioVersion = 10.0.40219.1
Project("{FAE04EC0-301F-11D3-BF4B-00C04F79EFBC}") = "RSmartControl", "RSmartControl\RSmartControl.csproj", "{A18ED7D6-0FCF-4DD2-9561-3F27CD50656F}"
EndProject
Project("{FAE04EC0-301F-11D3-BF4B-00C04F79EFBC}") = "Server.App", "RSmartServer\RSmartServer\UserInterfaceWPF\Server.App.csproj", "{3867B080-899E-4975-BD2E-821E2F121F5D}"
EndProject
Project("{FAE04EC0-301F-11D3-BF4B-00C04F79EFBC}") = "Server.Lib", "RSmartServer\RSmartServer\ServerLibrary\Server.Lib.csproj", "{06CF789A-5A12-4D7C-BF25-01591E8C2F0B}"
EndProject
Project("{FAE04EC0-301F-11D3-BF4B-00C04F79EFBC}") = "VocalCommand.App", "RSmartServer\RSmartServer\VocalCommand\VocalCommand.App.csproj", "{71152889-6507-49BE-A6B8-69205A069F3F}"
EndProject
Project("{FAE04EC0-301F-11D3-BF4B-00C04F79EFBC}") = "Map.App", "Map.App\Map.App\Map.App.csproj", "{0546E6B3-8BB6-4CB4-BF9D-A91BE69DA8E1}"
EndProject
Project("{FAE04EC0-301F-11D3-BF4B-00C04F79EFBC}") = "Map.AppContent", "Map.App\Map.AppContent\Map.AppContent.contentproj", "{91A4A237-B59C-454E-9F16-DCFD44E1E8AB}"
EndProject
Global
	GlobalSection(SolutionConfigurationPlatforms) = preSolution
		Debug|Any CPU = Debug|Any CPU
		Debug|Mixed Platforms = Debug|Mixed Platforms
		Debug|x86 = Debug|x86
		Release|Any CPU = Release|Any CPU
		Release|Mixed Platforms = Release|Mixed Platforms
		Release|x86 = Release|x86
	EndGlobalSection
	GlobalSection(ProjectConfigurationPlatforms) = postSolution
		{A18ED7D6-0FCF-4DD2-9561-3F27CD50656F}.Debug|Any CPU.ActiveCfg = Debug|Any CPU
		{A18ED7D6-0FCF-4DD2-9561-3F27CD50656F}.Debug|Any CPU.Build.0 = Debug|Any CPU
		{A18ED7D6-0FCF-4DD2-9561-3F27CD50656F}.Debug|Any CPU.Deploy.0 = Debug|Any CPU
		{A18ED7D6-0FCF-4DD2-9561-3F27CD50656F}.Debug|Mixed Platforms.ActiveCfg = Debug|Any CPU
		{A18ED7D6-0FCF-4DD2-9561-3F27CD50656F}.Debug|Mixed Platforms.Build.0 = Debug|Any CPU
		{A18ED7D6-0FCF-4DD2-9561-3F27CD50656F}.Debug|Mixed Platforms.Deploy.0 = Debug|Any CPU
		{A18ED7D6-0FCF-4DD2-9561-3F27CD50656F}.Debug|x86.ActiveCfg = Debug|Any CPU
		{A18ED7D6-0FCF-4DD2-9561-3F27CD50656F}.Release|Any CPU.ActiveCfg = Release|Any CPU
		{A18ED7D6-0FCF-4DD2-9561-3F27CD50656F}.Release|Any CPU.Build.0 = Release|Any CPU
		{A18ED7D6-0FCF-4DD2-9561-3F27CD50656F}.Release|Any CPU.Deploy.0 = Release|Any CPU
		{A18ED7D6-0FCF-4DD2-9561-3F27CD50656F}.Release|Mixed Platforms.ActiveCfg = Release|Any CPU
		{A18ED7D6-0FCF-4DD2-9561-3F27CD50656F}.Release|Mixed Platforms.Build.0 = Release|Any CPU
		{A18ED7D6-0FCF-4DD2-9561-3F27CD50656F}.Release|Mixed Platforms.Deploy.0 = Release|Any CPU
		{A18ED7D6-0FCF-4DD2-9561-3F27CD50656F}.Release|x86.ActiveCfg = Release|Any CPU
		{3867B080-899E-4975-BD2E-821E2F121F5D}.Debug|Any CPU.ActiveCfg = Debug|Any CPU
		{3867B080-899E-4975-BD2E-821E2F121F5D}.Debug|Any CPU.Build.0 = Debug|Any CPU
		{3867B080-899E-4975-BD2E-821E2F121F5D}.Debug|Mixed Platforms.ActiveCfg = Debug|Any CPU
		{3867B080-899E-4975-BD2E-821E2F121F5D}.Debug|Mixed Platforms.Build.0 = Debug|Any CPU
		{3867B080-899E-4975-BD2E-821E2F121F5D}.Debug|x86.ActiveCfg = Debug|Any CPU
		{3867B080-899E-4975-BD2E-821E2F121F5D}.Release|Any CPU.ActiveCfg = Release|Any CPU
		{3867B080-899E-4975-BD2E-821E2F121F5D}.Release|Any CPU.Build.0 = Release|Any CPU
		{3867B080-899E-4975-BD2E-821E2F121F5D}.Release|Mixed Platforms.ActiveCfg = Release|Any CPU
		{3867B080-899E-4975-BD2E-821E2F121F5D}.Release|Mixed Platforms.Build.0 = Release|Any CPU
		{3867B080-899E-4975-BD2E-821E2F121F5D}.Release|x86.ActiveCfg = Release|Any CPU
		{06CF789A-5A12-4D7C-BF25-01591E8C2F0B}.Debug|Any CPU.ActiveCfg = Debug|Any CPU
		{06CF789A-5A12-4D7C-BF25-01591E8C2F0B}.Debug|Any CPU.Build.0 = Debug|Any CPU
		{06CF789A-5A12-4D7C-BF25-01591E8C2F0B}.Debug|Mixed Platforms.ActiveCfg = Debug|Any CPU
		{06CF789A-5A12-4D7C-BF25-01591E8C2F0B}.Debug|Mixed Platforms.Build.0 = Debug|Any CPU
		{06CF789A-5A12-4D7C-BF25-01591E8C2F0B}.Debug|x86.ActiveCfg = Debug|Any CPU
		{06CF789A-5A12-4D7C-BF25-01591E8C2F0B}.Release|Any CPU.ActiveCfg = Release|Any CPU
		{06CF789A-5A12-4D7C-BF25-01591E8C2F0B}.Release|Any CPU.Build.0 = Release|Any CPU
		{06CF789A-5A12-4D7C-BF25-01591E8C2F0B}.Release|Mixed Platforms.ActiveCfg = Release|Any CPU
		{06CF789A-5A12-4D7C-BF25-01591E8C2F0B}.Release|Mixed Platforms.Build.0 = Release|Any CPU
		{06CF789A-5A12-4D7C-BF25-01591E8C2F0B}.Release|x86.ActiveCfg = Release|Any CPU
		{71152889-6507-49BE-A6B8-69205A069F3F}.Debug|Any CPU.ActiveCfg = Debug|Any CPU
		{71152889-6507-49BE-A6B8-69205A069F3F}.Debug|Any CPU.Build.0 = Debug|Any CPU
		{71152889-6507-49BE-A6B8-69205A069F3F}.Debug|Mixed Platforms.ActiveCfg = Debug|Any CPU
		{71152889-6507-49BE-A6B8-69205A069F3F}.Debug|Mixed Platforms.Build.0 = Debug|Any CPU
		{71152889-6507-49BE-A6B8-69205A069F3F}.Debug|x86.ActiveCfg = Debug|Any CPU
		{71152889-6507-49BE-A6B8-69205A069F3F}.Release|Any CPU.ActiveCfg = Release|Any CPU
		{71152889-6507-49BE-A6B8-69205A069F3F}.Release|Any CPU.Build.0 = Release|Any CPU
		{71152889-6507-49BE-A6B8-69205A069F3F}.Release|Mixed Platforms.ActiveCfg = Release|Any CPU
		{71152889-6507-49BE-A6B8-69205A069F3F}.Release|Mixed Platforms.Build.0 = Release|Any CPU
		{71152889-6507-49BE-A6B8-69205A069F3F}.Release|x86.ActiveCfg = Release|Any CPU
		{0546E6B3-8BB6-4CB4-BF9D-A91BE69DA8E1}.Debug|Any CPU.ActiveCfg = Debug|x86
		{0546E6B3-8BB6-4CB4-BF9D-A91BE69DA8E1}.Debug|Mixed Platforms.ActiveCfg = Debug|x86
		{0546E6B3-8BB6-4CB4-BF9D-A91BE69DA8E1}.Debug|Mixed Platforms.Build.0 = Debug|x86
		{0546E6B3-8BB6-4CB4-BF9D-A91BE69DA8E1}.Debug|x86.ActiveCfg = Debug|x86
		{0546E6B3-8BB6-4CB4-BF9D-A91BE69DA8E1}.Debug|x86.Build.0 = Debug|x86
		{0546E6B3-8BB6-4CB4-BF9D-A91BE69DA8E1}.Release|Any CPU.ActiveCfg = Release|x86
		{0546E6B3-8BB6-4CB4-BF9D-A91BE69DA8E1}.Release|Mixed Platforms.ActiveCfg = Release|x86
		{0546E6B3-8BB6-4CB4-BF9D-A91BE69DA8E1}.Release|Mixed Platforms.Build.0 = Release|x86
		{0546E6B3-8BB6-4CB4-BF9D-A91BE69DA8E1}.Release|x86.ActiveCfg = Release|x86
		{0546E6B3-8BB6-4CB4-BF9D-A91BE69DA8E1}.Release|x86.Build.0 = Release|x86
		{91A4A237-B59C-454E-9F16-DCFD44E1E8AB}.Debug|Any CPU.ActiveCfg = Debug|x86
		{91A4A237-B59C-454E-9F16-DCFD44E1E8AB}.Debug|Mixed Platforms.ActiveCfg = Debug|x86
		{91A4A237-B59C-454E-9F16-DCFD44E1E8AB}.Debug|x86.ActiveCfg = Debug|x86
		{91A4A237-B59C-454E-9F16-DCFD44E1E8AB}.Release|Any CPU.ActiveCfg = Release|x86
		{91A4A237-B59C-454E-9F16-DCFD44E1E8AB}.Release|Mixed Platforms.ActiveCfg = Release|x86
		{91A4A237-B59C-454E-9F16-DCFD44E1E8AB}.Release|x86.ActiveCfg = Release|x86
	EndGlobalSection
	GlobalSection(SolutionProperties) = preSolution
		HideSolutionNode = FALSE
	EndGlobalSection
EndGlobal
